
Microsoft Visual Studio Solution File, Format Version 12.00
# Visual Studio 15
VisualStudioVersion = 15.0.27428.2043
MinimumVisualStudioVersion = 10.0.40219.1
Project("{FAE04EC0-301F-11D3-BF4B-00C04F79EFBC}") = "ManipulasiDateTimeSpan", "ManipulasiDateTimeSpan\ManipulasiDateTimeSpan.csproj", "{D212F415-ADAB-4730-B357-BE2771A13936}"
EndProject
Project("{2150E333-8FDC-42A3-9474-1A3956D46DE8}") = "Solution Items", "Solution Items", "{443C0FF4-0B11-4EDA-A876-7CD336ECE3B3}"
	ProjectSection(SolutionItems) = preProject
		LICENSE.MD = LICENSE.MD
		README.MD = README.MD
	EndProjectSection
EndProject
Global
	GlobalSection(SolutionConfigurationPlatforms) = preSolution
		Debug|Any CPU = Debug|Any CPU
		Release|Any CPU = Release|Any CPU
	EndGlobalSection
	GlobalSection(ProjectConfigurationPlatforms) = postSolution
		{D212F415-ADAB-4730-B357-BE2771A13936}.Debug|Any CPU.ActiveCfg = Debug|Any CPU
		{D212F415-ADAB-4730-B357-BE2771A13936}.Debug|Any CPU.Build.0 = Debug|Any CPU
		{D212F415-ADAB-4730-B357-BE2771A13936}.Release|Any CPU.ActiveCfg = Release|Any CPU
		{D212F415-ADAB-4730-B357-BE2771A13936}.Release|Any CPU.Build.0 = Release|Any CPU
	EndGlobalSection
	GlobalSection(SolutionProperties) = preSolution
		HideSolutionNode = FALSE
	EndGlobalSection
	GlobalSection(ExtensibilityGlobals) = postSolution
		SolutionGuid = {3E319CFB-0F65-4732-ACBF-6455D942D74A}
	EndGlobalSection
EndGlobal
